
Microsoft Visual Studio Solution File, Format Version 12.00
# Visual Studio 15
VisualStudioVersion = 15.0.27130.2036
MinimumVisualStudioVersion = 10.0.40219.1
Project("{00D1A9C2-B5F0-4AF3-8072-F6C62B433612}") = "Jenkins-Docker-Basic-Ci-Pipeline", "Jenkins-Docker-Basic-Ci-Pipeline\Jenkins-Docker-Basic-Ci-Pipeline.sqlproj", "{EDD13747-CB99-4F97-96FE-808196CB7ACB}"
EndProject
Global
	GlobalSection(SolutionConfigurationPlatforms) = preSolution
		Debug|Any CPU = Debug|Any CPU
		Release|Any CPU = Release|Any CPU
	EndGlobalSection
	GlobalSection(ProjectConfigurationPlatforms) = postSolution
		{EDD13747-CB99-4F97-96FE-808196CB7ACB}.Debug|Any CPU.ActiveCfg = Debug|Any CPU
		{EDD13747-CB99-4F97-96FE-808196CB7ACB}.Debug|Any CPU.Build.0 = Debug|Any CPU
		{EDD13747-CB99-4F97-96FE-808196CB7ACB}.Debug|Any CPU.Deploy.0 = Debug|Any CPU
		{EDD13747-CB99-4F97-96FE-808196CB7ACB}.Release|Any CPU.ActiveCfg = Release|Any CPU
		{EDD13747-CB99-4F97-96FE-808196CB7ACB}.Release|Any CPU.Build.0 = Release|Any CPU
		{EDD13747-CB99-4F97-96FE-808196CB7ACB}.Release|Any CPU.Deploy.0 = Release|Any CPU
	EndGlobalSection
	GlobalSection(SolutionProperties) = preSolution
		HideSolutionNode = FALSE
	EndGlobalSection
	GlobalSection(ExtensibilityGlobals) = postSolution
		SolutionGuid = {705EF80D-FD95-4A63-9CFA-B1C9973DC1FC}
	EndGlobalSection
EndGlobal
